// !$*UTF8*$!
{
	archiveVersion = 1;
	classes = {
	};
	objectVersion = 46;
	objects = {

/* Begin PBXBuildFile section */
		22C37DAC1EE97B2800AA86B6 /* baseModel.h in Headers */ = {isa = PBXBuildFile; fileRef = 22C37D9D1EE97B2800AA86B6 /* baseModel.h */; };
		22C37DAD1EE97B2800AA86B6 /* classification.cpp in Sources */ = {isa = PBXBuildFile; fileRef = 22C37D9E1EE97B2800AA86B6 /* classification.cpp */; };
		22C37DAE1EE97B2800AA86B6 /* classification.h in Headers */ = {isa = PBXBuildFile; fileRef = 22C37D9F1EE97B2800AA86B6 /* classification.h */; };
		22C37DAF1EE97B2800AA86B6 /* emscripten in Resources */ = {isa = PBXBuildFile; fileRef = 22C37DA01EE97B2800AA86B6 /* emscripten */; };
		22C37DB01EE97B2800AA86B6 /* knnClassification.cpp in Sources */ = {isa = PBXBuildFile; fileRef = 22C37DA11EE97B2800AA86B6 /* knnClassification.cpp */; };
		22C37DB11EE97B2800AA86B6 /* knnClassification.h in Headers */ = {isa = PBXBuildFile; fileRef = 22C37DA21EE97B2800AA86B6 /* knnClassification.h */; };
		22C37DB21EE97B2800AA86B6 /* modelSet.cpp in Sources */ = {isa = PBXBuildFile; fileRef = 22C37DA31EE97B2800AA86B6 /* modelSet.cpp */; };
		22C37DB31EE97B2800AA86B6 /* modelSet.h in Headers */ = {isa = PBXBuildFile; fileRef = 22C37DA41EE97B2800AA86B6 /* modelSet.h */; };
		22C37DB41EE97B2800AA86B6 /* neuralNetwork.cpp in Sources */ = {isa = PBXBuildFile; fileRef = 22C37DA51EE97B2800AA86B6 /* neuralNetwork.cpp */; };
		22C37DB51EE97B2800AA86B6 /* neuralNetwork.h in Headers */ = {isa = PBXBuildFile; fileRef = 22C37DA61EE97B2800AA86B6 /* neuralNetwork.h */; };
		22C37DB61EE97B2800AA86B6 /* rapidStream.cpp in Sources */ = {isa = PBXBuildFile; fileRef = 22C37DA71EE97B2800AA86B6 /* rapidStream.cpp */; };
		22C37DB71EE97B2800AA86B6 /* rapidStream.h in Headers */ = {isa = PBXBuildFile; fileRef = 22C37DA81EE97B2800AA86B6 /* rapidStream.h */; };
		22C37DB81EE97B2800AA86B6 /* regression.cpp in Sources */ = {isa = PBXBuildFile; fileRef = 22C37DA91EE97B2800AA86B6 /* regression.cpp */; };
		22C37DB91EE97B2800AA86B6 /* regression.h in Headers */ = {isa = PBXBuildFile; fileRef = 22C37DAA1EE97B2800AA86B6 /* regression.h */; };
		22C37DBA1EE97B2800AA86B6 /* trainingExample.h in Headers */ = {isa = PBXBuildFile; fileRef = 22C37DAB1EE97B2800AA86B6 /* trainingExample.h */; };
		22C37DBE1EE97B4B00AA86B6 /* jsoncpp.cpp in Sources */ = {isa = PBXBuildFile; fileRef = 22C37DBC1EE97B4B00AA86B6 /* jsoncpp.cpp */; };
		22C37DC21EE97B6F00AA86B6 /* json-forwards.h in Headers */ = {isa = PBXBuildFile; fileRef = 22C37DC01EE97B6F00AA86B6 /* json-forwards.h */; };
		22C37DC31EE97B6F00AA86B6 /* json.h in Headers */ = {isa = PBXBuildFile; fileRef = 22C37DC11EE97B6F00AA86B6 /* json.h */; };
		BE05508C1D003FB300D83975 /* rapidmax.cpp in Sources */ = {isa = PBXBuildFile; fileRef = BE05508B1D003FB300D83975 /* rapidmax.cpp */; };
/* End PBXBuildFile section */

/* Begin PBXFileReference section */
		22C37D9D1EE97B2800AA86B6 /* baseModel.h */ = {isa = PBXFileReference; fileEncoding = 4; lastKnownFileType = sourcecode.c.h; name = baseModel.h; path = RapidAPI/src/baseModel.h; sourceTree = "<group>"; };
		22C37D9E1EE97B2800AA86B6 /* classification.cpp */ = {isa = PBXFileReference; fileEncoding = 4; lastKnownFileType = sourcecode.cpp.cpp; name = classification.cpp; path = RapidAPI/src/classification.cpp; sourceTree = "<group>"; };
		22C37D9F1EE97B2800AA86B6 /* classification.h */ = {isa = PBXFileReference; fileEncoding = 4; lastKnownFileType = sourcecode.c.h; name = classification.h; path = RapidAPI/src/classification.h; sourceTree = "<group>"; };
		22C37DA01EE97B2800AA86B6 /* emscripten */ = {isa = PBXFileReference; lastKnownFileType = folder; name = emscripten; path = RapidAPI/src/emscripten; sourceTree = "<group>"; };
		22C37DA11EE97B2800AA86B6 /* knnClassification.cpp */ = {isa = PBXFileReference; fileEncoding = 4; lastKnownFileType = sourcecode.cpp.cpp; name = knnClassification.cpp; path = RapidAPI/src/knnClassification.cpp; sourceTree = "<group>"; };
		22C37DA21EE97B2800AA86B6 /* knnClassification.h */ = {isa = PBXFileReference; fileEncoding = 4; lastKnownFileType = sourcecode.c.h; name = knnClassification.h; path = RapidAPI/src/knnClassification.h; sourceTree = "<group>"; };
		22C37DA31EE97B2800AA86B6 /* modelSet.cpp */ = {isa = PBXFileReference; fileEncoding = 4; lastKnownFileType = sourcecode.cpp.cpp; name = modelSet.cpp; path = RapidAPI/src/modelSet.cpp; sourceTree = "<group>"; };
		22C37DA41EE97B2800AA86B6 /* modelSet.h */ = {isa = PBXFileReference; fileEncoding = 4; lastKnownFileType = sourcecode.c.h; name = modelSet.h; path = RapidAPI/src/modelSet.h; sourceTree = "<group>"; };
		22C37DA51EE97B2800AA86B6 /* neuralNetwork.cpp */ = {isa = PBXFileReference; fileEncoding = 4; lastKnownFileType = sourcecode.cpp.cpp; name = neuralNetwork.cpp; path = RapidAPI/src/neuralNetwork.cpp; sourceTree = "<group>"; };
		22C37DA61EE97B2800AA86B6 /* neuralNetwork.h */ = {isa = PBXFileReference; fileEncoding = 4; lastKnownFileType = sourcecode.c.h; name = neuralNetwork.h; path = RapidAPI/src/neuralNetwork.h; sourceTree = "<group>"; };
		22C37DA71EE97B2800AA86B6 /* rapidStream.cpp */ = {isa = PBXFileReference; fileEncoding = 4; lastKnownFileType = sourcecode.cpp.cpp; name = rapidStream.cpp; path = RapidAPI/src/rapidStream.cpp; sourceTree = "<group>"; };
		22C37DA81EE97B2800AA86B6 /* rapidStream.h */ = {isa = PBXFileReference; fileEncoding = 4; lastKnownFileType = sourcecode.c.h; name = rapidStream.h; path = RapidAPI/src/rapidStream.h; sourceTree = "<group>"; };
		22C37DA91EE97B2800AA86B6 /* regression.cpp */ = {isa = PBXFileReference; fileEncoding = 4; lastKnownFileType = sourcecode.cpp.cpp; name = regression.cpp; path = RapidAPI/src/regression.cpp; sourceTree = "<group>"; };
		22C37DAA1EE97B2800AA86B6 /* regression.h */ = {isa = PBXFileReference; fileEncoding = 4; lastKnownFileType = sourcecode.c.h; name = regression.h; path = RapidAPI/src/regression.h; sourceTree = "<group>"; };
		22C37DAB1EE97B2800AA86B6 /* trainingExample.h */ = {isa = PBXFileReference; fileEncoding = 4; lastKnownFileType = sourcecode.c.h; name = trainingExample.h; path = RapidAPI/src/trainingExample.h; sourceTree = "<group>"; };
		22C37DBC1EE97B4B00AA86B6 /* jsoncpp.cpp */ = {isa = PBXFileReference; fileEncoding = 4; lastKnownFileType = sourcecode.cpp.cpp; name = jsoncpp.cpp; path = RapidAPI/dependancies/jsoncpp.cpp; sourceTree = "<group>"; };
		22C37DC01EE97B6F00AA86B6 /* json-forwards.h */ = {isa = PBXFileReference; fileEncoding = 4; lastKnownFileType = sourcecode.c.h; name = "json-forwards.h"; path = "RapidAPI/dependancies/json/json-forwards.h"; sourceTree = "<group>"; };
		22C37DC11EE97B6F00AA86B6 /* json.h */ = {isa = PBXFileReference; fileEncoding = 4; lastKnownFileType = sourcecode.c.h; name = json.h; path = RapidAPI/dependancies/json/json.h; sourceTree = "<group>"; };
		22CF10220EE984600054F513 /* maxmspsdk.xcconfig */ = {isa = PBXFileReference; fileEncoding = 4; lastKnownFileType = text.xcconfig; name = maxmspsdk.xcconfig; path = ../../maxmspsdk.xcconfig; sourceTree = SOURCE_ROOT; };
		2FBBEAE508F335360078DB84 /* rapidmax.mxo */ = {isa = PBXFileReference; explicitFileType = wrapper.cfbundle; includeInIndex = 0; path = rapidmax.mxo; sourceTree = BUILT_PRODUCTS_DIR; };
		BE05508B1D003FB300D83975 /* rapidmax.cpp */ = {isa = PBXFileReference; fileEncoding = 4; lastKnownFileType = sourcecode.cpp.cpp; path = rapidmax.cpp; sourceTree = "<group>"; };
/* End PBXFileReference section */

/* Begin PBXFrameworksBuildPhase section */
		2FBBEADC08F335360078DB84 /* Frameworks */ = {
			isa = PBXFrameworksBuildPhase;
			buildActionMask = 2147483647;
			files = (
			);
			runOnlyForDeploymentPostprocessing = 0;
		};
/* End PBXFrameworksBuildPhase section */

/* Begin PBXGroup section */
		089C166AFE841209C02AAC07 /* iterator */ = {
			isa = PBXGroup;
			children = (
				22C37D981EE97AC600AA86B6 /* RapidAPI */,
				22CF10220EE984600054F513 /* maxmspsdk.xcconfig */,
				19C28FB4FE9D528D11CA2CBB /* Products */,
			);
			name = iterator;
			sourceTree = "<group>";
		};
		19C28FB4FE9D528D11CA2CBB /* Products */ = {
			isa = PBXGroup;
			children = (
				2FBBEAE508F335360078DB84 /* rapidmax.mxo */,
			);
			name = Products;
			sourceTree = "<group>";
		};
		22C37D981EE97AC600AA86B6 /* RapidAPI */ = {
			isa = PBXGroup;
			children = (
				BE05508B1D003FB300D83975 /* rapidmax.cpp */,
				22C37D9A1EE97AE400AA86B6 /* dependancies */,
				22C37D991EE97ADC00AA86B6 /* src */,
			);
			name = RapidAPI;
			sourceTree = "<group>";
		};
		22C37D991EE97ADC00AA86B6 /* src */ = {
			isa = PBXGroup;
			children = (
				22C37D9D1EE97B2800AA86B6 /* baseModel.h */,
				22C37D9E1EE97B2800AA86B6 /* classification.cpp */,
				22C37D9F1EE97B2800AA86B6 /* classification.h */,
				22C37DA01EE97B2800AA86B6 /* emscripten */,
				22C37DA11EE97B2800AA86B6 /* knnClassification.cpp */,
				22C37DA21EE97B2800AA86B6 /* knnClassification.h */,
				22C37DA31EE97B2800AA86B6 /* modelSet.cpp */,
				22C37DA41EE97B2800AA86B6 /* modelSet.h */,
				22C37DA51EE97B2800AA86B6 /* neuralNetwork.cpp */,
				22C37DA61EE97B2800AA86B6 /* neuralNetwork.h */,
				22C37DA71EE97B2800AA86B6 /* rapidStream.cpp */,
				22C37DA81EE97B2800AA86B6 /* rapidStream.h */,
				22C37DA91EE97B2800AA86B6 /* regression.cpp */,
				22C37DAA1EE97B2800AA86B6 /* regression.h */,
				22C37DAB1EE97B2800AA86B6 /* trainingExample.h */,
			);
			name = src;
			sourceTree = "<group>";
		};
		22C37D9A1EE97AE400AA86B6 /* dependancies */ = {
			isa = PBXGroup;
			children = (
				22C37DBF1EE97B6100AA86B6 /* json */,
				22C37DBC1EE97B4B00AA86B6 /* jsoncpp.cpp */,
			);
			name = dependancies;
			sourceTree = "<group>";
		};
		22C37DBF1EE97B6100AA86B6 /* json */ = {
			isa = PBXGroup;
			children = (
				22C37DC01EE97B6F00AA86B6 /* json-forwards.h */,
				22C37DC11EE97B6F00AA86B6 /* json.h */,
			);
			name = json;
			sourceTree = "<group>";
		};
/* End PBXGroup section */

/* Begin PBXHeadersBuildPhase section */
		2FBBEAD708F335360078DB84 /* Headers */ = {
			isa = PBXHeadersBuildPhase;
			buildActionMask = 2147483647;
			files = (
				22C37DC31EE97B6F00AA86B6 /* json.h in Headers */,
				22C37DC21EE97B6F00AA86B6 /* json-forwards.h in Headers */,
				22C37DAE1EE97B2800AA86B6 /* classification.h in Headers */,
				22C37DB71EE97B2800AA86B6 /* rapidStream.h in Headers */,
				22C37DB91EE97B2800AA86B6 /* regression.h in Headers */,
				22C37DB31EE97B2800AA86B6 /* modelSet.h in Headers */,
				22C37DB11EE97B2800AA86B6 /* knnClassification.h in Headers */,
				22C37DAC1EE97B2800AA86B6 /* baseModel.h in Headers */,
				22C37DB51EE97B2800AA86B6 /* neuralNetwork.h in Headers */,
				22C37DBA1EE97B2800AA86B6 /* trainingExample.h in Headers */,
			);
			runOnlyForDeploymentPostprocessing = 0;
		};
/* End PBXHeadersBuildPhase section */

/* Begin PBXNativeTarget section */
		2FBBEAD608F335360078DB84 /* max-external */ = {
			isa = PBXNativeTarget;
			buildConfigurationList = 2FBBEAE008F335360078DB84 /* Build configuration list for PBXNativeTarget "max-external" */;
			buildPhases = (
				2FBBEAD708F335360078DB84 /* Headers */,
				2FBBEAD808F335360078DB84 /* Resources */,
				2FBBEADA08F335360078DB84 /* Sources */,
				2FBBEADC08F335360078DB84 /* Frameworks */,
				2FBBEADF08F335360078DB84 /* Rez */,
			);
			buildRules = (
			);
			dependencies = (
			);
			name = "max-external";
			productName = iterator;
			productReference = 2FBBEAE508F335360078DB84 /* rapidmax.mxo */;
			productType = "com.apple.product-type.bundle";
		};
/* End PBXNativeTarget section */

/* Begin PBXProject section */
		089C1669FE841209C02AAC07 /* Project object */ = {
			isa = PBXProject;
			attributes = {
				LastUpgradeCheck = 0830;
			};
			buildConfigurationList = 2FBBEACF08F335010078DB84 /* Build configuration list for PBXProject "rapidmax" */;
			compatibilityVersion = "Xcode 3.2";
			developmentRegion = English;
			hasScannedForEncodings = 1;
			knownRegions = (
				en,
			);
			mainGroup = 089C166AFE841209C02AAC07 /* iterator */;
			projectDirPath = "";
			projectRoot = "";
			targets = (
				2FBBEAD608F335360078DB84 /* max-external */,
			);
		};
/* End PBXProject section */

/* Begin PBXResourcesBuildPhase section */
		2FBBEAD808F335360078DB84 /* Resources */ = {
			isa = PBXResourcesBuildPhase;
			buildActionMask = 2147483647;
			files = (
				22C37DAF1EE97B2800AA86B6 /* emscripten in Resources */,
			);
			runOnlyForDeploymentPostprocessing = 0;
		};
/* End PBXResourcesBuildPhase section */

/* Begin PBXRezBuildPhase section */
		2FBBEADF08F335360078DB84 /* Rez */ = {
			isa = PBXRezBuildPhase;
			buildActionMask = 2147483647;
			files = (
			);
			runOnlyForDeploymentPostprocessing = 0;
		};
/* End PBXRezBuildPhase section */

/* Begin PBXSourcesBuildPhase section */
		2FBBEADA08F335360078DB84 /* Sources */ = {
			isa = PBXSourcesBuildPhase;
			buildActionMask = 2147483647;
			files = (
				22C37DB81EE97B2800AA86B6 /* regression.cpp in Sources */,
				22C37DBE1EE97B4B00AA86B6 /* jsoncpp.cpp in Sources */,
				22C37DB61EE97B2800AA86B6 /* rapidStream.cpp in Sources */,
				BE05508C1D003FB300D83975 /* rapidmax.cpp in Sources */,
				22C37DB01EE97B2800AA86B6 /* knnClassification.cpp in Sources */,
				22C37DB21EE97B2800AA86B6 /* modelSet.cpp in Sources */,
				22C37DAD1EE97B2800AA86B6 /* classification.cpp in Sources */,
				22C37DB41EE97B2800AA86B6 /* neuralNetwork.cpp in Sources */,
			);
			runOnlyForDeploymentPostprocessing = 0;
		};
/* End PBXSourcesBuildPhase section */

/* Begin XCBuildConfiguration section */
		2FBBEAD008F335010078DB84 /* Development */ = {
			isa = XCBuildConfiguration;
			buildSettings = {
				CLANG_WARN_BOOL_CONVERSION = YES;
				CLANG_WARN_CONSTANT_CONVERSION = YES;
				CLANG_WARN_EMPTY_BODY = YES;
				CLANG_WARN_ENUM_CONVERSION = YES;
				CLANG_WARN_INFINITE_RECURSION = YES;
				CLANG_WARN_INT_CONVERSION = YES;
				CLANG_WARN_SUSPICIOUS_MOVE = YES;
				CLANG_WARN_UNREACHABLE_CODE = YES;
				CLANG_WARN__DUPLICATE_METHOD_MATCH = YES;
				ENABLE_STRICT_OBJC_MSGSEND = YES;
				ENABLE_TESTABILITY = YES;
				GCC_NO_COMMON_BLOCKS = YES;
				GCC_WARN_64_TO_32_BIT_CONVERSION = YES;
				GCC_WARN_ABOUT_RETURN_TYPE = YES;
				GCC_WARN_UNDECLARED_SELECTOR = YES;
				GCC_WARN_UNINITIALIZED_AUTOS = YES;
				GCC_WARN_UNUSED_FUNCTION = YES;
				GCC_WARN_UNUSED_VARIABLE = YES;
				ONLY_ACTIVE_ARCH = YES;
			};
			name = Development;
		};
		2FBBEAD108F335010078DB84 /* Deployment */ = {
			isa = XCBuildConfiguration;
			buildSettings = {
				CLANG_WARN_BOOL_CONVERSION = YES;
				CLANG_WARN_CONSTANT_CONVERSION = YES;
				CLANG_WARN_EMPTY_BODY = YES;
				CLANG_WARN_ENUM_CONVERSION = YES;
				CLANG_WARN_INFINITE_RECURSION = YES;
				CLANG_WARN_INT_CONVERSION = YES;
				CLANG_WARN_SUSPICIOUS_MOVE = YES;
				CLANG_WARN_UNREACHABLE_CODE = YES;
				CLANG_WARN__DUPLICATE_METHOD_MATCH = YES;
				ENABLE_STRICT_OBJC_MSGSEND = YES;
				GCC_NO_COMMON_BLOCKS = YES;
				GCC_WARN_64_TO_32_BIT_CONVERSION = YES;
				GCC_WARN_ABOUT_RETURN_TYPE = YES;
				GCC_WARN_UNDECLARED_SELECTOR = YES;
				GCC_WARN_UNINITIALIZED_AUTOS = YES;
				GCC_WARN_UNUSED_FUNCTION = YES;
				GCC_WARN_UNUSED_VARIABLE = YES;
			};
			name = Deployment;
		};
		2FBBEAE108F335360078DB84 /* Development */ = {
			isa = XCBuildConfiguration;
			baseConfigurationReference = 22CF10220EE984600054F513 /* maxmspsdk.xcconfig */;
			buildSettings = {
				CLANG_CXX_LANGUAGE_STANDARD = "c++0x";
				CLANG_CXX_LIBRARY = "libc++";
				COPY_PHASE_STRIP = NO;
				GCC_OPTIMIZATION_LEVEL = 0;
				ONLY_ACTIVE_ARCH = NO;
				OTHER_LDFLAGS = "$(C74_SYM_LINKER_FLAGS)";
				PRODUCT_BUNDLE_IDENTIFIER = "com.cycling74.${PRODUCT_NAME:rfc1034identifier}";
				PRODUCT_NAME = rapidmax;
			};
			name = Development;
		};
		2FBBEAE208F335360078DB84 /* Deployment */ = {
			isa = XCBuildConfiguration;
			baseConfigurationReference = 22CF10220EE984600054F513 /* maxmspsdk.xcconfig */;
			buildSettings = {
				CLANG_CXX_LANGUAGE_STANDARD = "c++0x";
				CLANG_CXX_LIBRARY = "libc++";
				COPY_PHASE_STRIP = YES;
				ONLY_ACTIVE_ARCH = NO;
				OTHER_LDFLAGS = "$(C74_SYM_LINKER_FLAGS)";
				PRODUCT_BUNDLE_IDENTIFIER = "com.cycling74.${PRODUCT_NAME:rfc1034identifier}";
				PRODUCT_NAME = rapidmax;
			};
			name = Deployment;
		};
/* End XCBuildConfiguration section */

/* Begin XCConfigurationList section */
		2FBBEACF08F335010078DB84 /* Build configuration list for PBXProject "rapidmax" */ = {
			isa = XCConfigurationList;
			buildConfigurations = (
				2FBBEAD008F335010078DB84 /* Development */,
				2FBBEAD108F335010078DB84 /* Deployment */,
			);
			defaultConfigurationIsVisible = 0;
			defaultConfigurationName = Development;
		};
		2FBBEAE008F335360078DB84 /* Build configuration list for PBXNativeTarget "max-external" */ = {
			isa = XCConfigurationList;
			buildConfigurations = (
				2FBBEAE108F335360078DB84 /* Development */,
				2FBBEAE208F335360078DB84 /* Deployment */,
			);
			defaultConfigurationIsVisible = 0;
			defaultConfigurationName = Development;
		};
/* End XCConfigurationList section */
	};
	rootObject = 089C1669FE841209C02AAC07 /* Project object */;
}
